// !$*UTF8*$!
{
	archiveVersion = 1;
	classes = {
	};
	objectVersion = 46;
	objects = {

/* Begin PBXBuildFile section */
		DBD7EDFB19C7A90700448935 /* Foundation.framework in Frameworks */ = {isa = PBXBuildFile; fileRef = DBD7EDFA19C7A90700448935 /* Foundation.framework */; };
		DBD7EDFD19C7A90700448935 /* CoreGraphics.framework in Frameworks */ = {isa = PBXBuildFile; fileRef = DBD7EDFC19C7A90700448935 /* CoreGraphics.framework */; };
		DBD7EDFF19C7A90700448935 /* UIKit.framework in Frameworks */ = {isa = PBXBuildFile; fileRef = DBD7EDFE19C7A90700448935 /* UIKit.framework */; };
		DBD7EE0519C7A90700448935 /* InfoPlist.strings in Resources */ = {isa = PBXBuildFile; fileRef = DBD7EE0319C7A90700448935 /* InfoPlist.strings */; };
		DBD7EE0719C7A90700448935 /* main.m in Sources */ = {isa = PBXBuildFile; fileRef = DBD7EE0619C7A90700448935 /* main.m */; };
		DBD7EE0B19C7A90700448935 /* Hide_KeyboardAppDelegate.m in Sources */ = {isa = PBXBuildFile; fileRef = DBD7EE0A19C7A90700448935 /* Hide_KeyboardAppDelegate.m */; };
		DBD7EE0E19C7A90700448935 /* Main.storyboard in Resources */ = {isa = PBXBuildFile; fileRef = DBD7EE0C19C7A90700448935 /* Main.storyboard */; };
		DBD7EE1119C7A90700448935 /* Hide_KeyboardViewController.m in Sources */ = {isa = PBXBuildFile; fileRef = DBD7EE1019C7A90700448935 /* Hide_KeyboardViewController.m */; };
		DBD7EE1319C7A90700448935 /* Images.xcassets in Resources */ = {isa = PBXBuildFile; fileRef = DBD7EE1219C7A90700448935 /* Images.xcassets */; };
		DBD7EE1A19C7A90800448935 /* XCTest.framework in Frameworks */ = {isa = PBXBuildFile; fileRef = DBD7EE1919C7A90800448935 /* XCTest.framework */; };
		DBD7EE1B19C7A90800448935 /* Foundation.framework in Frameworks */ = {isa = PBXBuildFile; fileRef = DBD7EDFA19C7A90700448935 /* Foundation.framework */; };
		DBD7EE1C19C7A90800448935 /* UIKit.framework in Frameworks */ = {isa = PBXBuildFile; fileRef = DBD7EDFE19C7A90700448935 /* UIKit.framework */; };
		DBD7EE2419C7A90800448935 /* InfoPlist.strings in Resources */ = {isa = PBXBuildFile; fileRef = DBD7EE2219C7A90800448935 /* InfoPlist.strings */; };
		DBD7EE2619C7A90800448935 /* Hide_KeyboardTests.m in Sources */ = {isa = PBXBuildFile; fileRef = DBD7EE2519C7A90800448935 /* Hide_KeyboardTests.m */; };
/* End PBXBuildFile section */

/* Begin PBXContainerItemProxy section */
		DBD7EE1D19C7A90800448935 /* PBXContainerItemProxy */ = {
			isa = PBXContainerItemProxy;
			containerPortal = DBD7EDEF19C7A90700448935 /* Project object */;
			proxyType = 1;
			remoteGlobalIDString = DBD7EDF619C7A90700448935;
			remoteInfo = "Hide Keyboard";
		};
/* End PBXContainerItemProxy section */

/* Begin PBXFileReference section */
		DBD7EDF719C7A90700448935 /* Hide Keyboard.app */ = {isa = PBXFileReference; explicitFileType = wrapper.application; includeInIndex = 0; path = "Hide Keyboard.app"; sourceTree = BUILT_PRODUCTS_DIR; };
		DBD7EDFA19C7A90700448935 /* Foundation.framework */ = {isa = PBXFileReference; lastKnownFileType = wrapper.framework; name = Foundation.framework; path = System/Library/Frameworks/Foundation.framework; sourceTree = SDKROOT; };
		DBD7EDFC19C7A90700448935 /* CoreGraphics.framework */ = {isa = PBXFileReference; lastKnownFileType = wrapper.framework; name = CoreGraphics.framework; path = System/Library/Frameworks/CoreGraphics.framework; sourceTree = SDKROOT; };
		DBD7EDFE19C7A90700448935 /* UIKit.framework */ = {isa = PBXFileReference; lastKnownFileType = wrapper.framework; name = UIKit.framework; path = System/Library/Frameworks/UIKit.framework; sourceTree = SDKROOT; };
		DBD7EE0219C7A90700448935 /* Hide Keyboard-Info.plist */ = {isa = PBXFileReference; lastKnownFileType = text.plist.xml; path = "Hide Keyboard-Info.plist"; sourceTree = "<group>"; };
		DBD7EE0419C7A90700448935 /* en */ = {isa = PBXFileReference; lastKnownFileType = text.plist.strings; name = en; path = en.lproj/InfoPlist.strings; sourceTree = "<group>"; };
		DBD7EE0619C7A90700448935 /* main.m */ = {isa = PBXFileReference; lastKnownFileType = sourcecode.c.objc; path = main.m; sourceTree = "<group>"; };
		DBD7EE0819C7A90700448935 /* Hide Keyboard-Prefix.pch */ = {isa = PBXFileReference; lastKnownFileType = sourcecode.c.h; path = "Hide Keyboard-Prefix.pch"; sourceTree = "<group>"; };
		DBD7EE0919C7A90700448935 /* Hide_KeyboardAppDelegate.h */ = {isa = PBXFileReference; lastKnownFileType = sourcecode.c.h; path = Hide_KeyboardAppDelegate.h; sourceTree = "<group>"; };
		DBD7EE0A19C7A90700448935 /* Hide_KeyboardAppDelegate.m */ = {isa = PBXFileReference; lastKnownFileType = sourcecode.c.objc; path = Hide_KeyboardAppDelegate.m; sourceTree = "<group>"; };
		DBD7EE0D19C7A90700448935 /* Base */ = {isa = PBXFileReference; lastKnownFileType = file.storyboard; name = Base; path = Base.lproj/Main.storyboard; sourceTree = "<group>"; };
		DBD7EE0F19C7A90700448935 /* Hide_KeyboardViewController.h */ = {isa = PBXFileReference; lastKnownFileType = sourcecode.c.h; path = Hide_KeyboardViewController.h; sourceTree = "<group>"; };
		DBD7EE1019C7A90700448935 /* Hide_KeyboardViewController.m */ = {isa = PBXFileReference; lastKnownFileType = sourcecode.c.objc; path = Hide_KeyboardViewController.m; sourceTree = "<group>"; };
		DBD7EE1219C7A90700448935 /* Images.xcassets */ = {isa = PBXFileReference; lastKnownFileType = folder.assetcatalog; path = Images.xcassets; sourceTree = "<group>"; };
		DBD7EE1819C7A90800448935 /* Hide KeyboardTests.xctest */ = {isa = PBXFileReference; explicitFileType = wrapper.cfbundle; includeInIndex = 0; path = "Hide KeyboardTests.xctest"; sourceTree = BUILT_PRODUCTS_DIR; };
		DBD7EE1919C7A90800448935 /* XCTest.framework */ = {isa = PBXFileReference; lastKnownFileType = wrapper.framework; name = XCTest.framework; path = Library/Frameworks/XCTest.framework; sourceTree = DEVELOPER_DIR; };
		DBD7EE2119C7A90800448935 /* Hide KeyboardTests-Info.plist */ = {isa = PBXFileReference; lastKnownFileType = text.plist.xml; path = "Hide KeyboardTests-Info.plist"; sourceTree = "<group>"; };
		DBD7EE2319C7A90800448935 /* en */ = {isa = PBXFileReference; lastKnownFileType = text.plist.strings; name = en; path = en.lproj/InfoPlist.strings; sourceTree = "<group>"; };
		DBD7EE2519C7A90800448935 /* Hide_KeyboardTests.m */ = {isa = PBXFileReference; lastKnownFileType = sourcecode.c.objc; path = Hide_KeyboardTests.m; sourceTree = "<group>"; };
/* End PBXFileReference section */

/* Begin PBXFrameworksBuildPhase section */
		DBD7EDF419C7A90700448935 /* Frameworks */ = {
			isa = PBXFrameworksBuildPhase;
			buildActionMask = 2147483647;
			files = (
				DBD7EDFD19C7A90700448935 /* CoreGraphics.framework in Frameworks */,
				DBD7EDFF19C7A90700448935 /* UIKit.framework in Frameworks */,
				DBD7EDFB19C7A90700448935 /* Foundation.framework in Frameworks */,
			);
			runOnlyForDeploymentPostprocessing = 0;
		};
		DBD7EE1519C7A90800448935 /* Frameworks */ = {
			isa = PBXFrameworksBuildPhase;
			buildActionMask = 2147483647;
			files = (
				DBD7EE1A19C7A90800448935 /* XCTest.framework in Frameworks */,
				DBD7EE1C19C7A90800448935 /* UIKit.framework in Frameworks */,
				DBD7EE1B19C7A90800448935 /* Foundation.framework in Frameworks */,
			);
			runOnlyForDeploymentPostprocessing = 0;
		};
/* End PBXFrameworksBuildPhase section */

/* Begin PBXGroup section */
		DBD7EDEE19C7A90700448935 = {
			isa = PBXGroup;
			children = (
				DBD7EE0019C7A90700448935 /* Hide Keyboard */,
				DBD7EE1F19C7A90800448935 /* Hide KeyboardTests */,
				DBD7EDF919C7A90700448935 /* Frameworks */,
				DBD7EDF819C7A90700448935 /* Products */,
			);
			sourceTree = "<group>";
		};
		DBD7EDF819C7A90700448935 /* Products */ = {
			isa = PBXGroup;
			children = (
				DBD7EDF719C7A90700448935 /* Hide Keyboard.app */,
				DBD7EE1819C7A90800448935 /* Hide KeyboardTests.xctest */,
			);
			name = Products;
			sourceTree = "<group>";
		};
		DBD7EDF919C7A90700448935 /* Frameworks */ = {
			isa = PBXGroup;
			children = (
				DBD7EDFA19C7A90700448935 /* Foundation.framework */,
				DBD7EDFC19C7A90700448935 /* CoreGraphics.framework */,
				DBD7EDFE19C7A90700448935 /* UIKit.framework */,
				DBD7EE1919C7A90800448935 /* XCTest.framework */,
			);
			name = Frameworks;
			sourceTree = "<group>";
		};
		DBD7EE0019C7A90700448935 /* Hide Keyboard */ = {
			isa = PBXGroup;
			children = (
				DBD7EE0919C7A90700448935 /* Hide_KeyboardAppDelegate.h */,
				DBD7EE0A19C7A90700448935 /* Hide_KeyboardAppDelegate.m */,
				DBD7EE0C19C7A90700448935 /* Main.storyboard */,
				DBD7EE0F19C7A90700448935 /* Hide_KeyboardViewController.h */,
				DBD7EE1019C7A90700448935 /* Hide_KeyboardViewController.m */,
				DBD7EE1219C7A90700448935 /* Images.xcassets */,
				DBD7EE0119C7A90700448935 /* Supporting Files */,
			);
			path = "Hide Keyboard";
			sourceTree = "<group>";
		};
		DBD7EE0119C7A90700448935 /* Supporting Files */ = {
			isa = PBXGroup;
			children = (
				DBD7EE0219C7A90700448935 /* Hide Keyboard-Info.plist */,
				DBD7EE0319C7A90700448935 /* InfoPlist.strings */,
				DBD7EE0619C7A90700448935 /* main.m */,
				DBD7EE0819C7A90700448935 /* Hide Keyboard-Prefix.pch */,
			);
			name = "Supporting Files";
			sourceTree = "<group>";
		};
		DBD7EE1F19C7A90800448935 /* Hide KeyboardTests */ = {
			isa = PBXGroup;
			children = (
				DBD7EE2519C7A90800448935 /* Hide_KeyboardTests.m */,
				DBD7EE2019C7A90800448935 /* Supporting Files */,
			);
			path = "Hide KeyboardTests";
			sourceTree = "<group>";
		};
		DBD7EE2019C7A90800448935 /* Supporting Files */ = {
			isa = PBXGroup;
			children = (
				DBD7EE2119C7A90800448935 /* Hide KeyboardTests-Info.plist */,
				DBD7EE2219C7A90800448935 /* InfoPlist.strings */,
			);
			name = "Supporting Files";
			sourceTree = "<group>";
		};
/* End PBXGroup section */

/* Begin PBXNativeTarget section */
		DBD7EDF619C7A90700448935 /* Hide Keyboard */ = {
			isa = PBXNativeTarget;
			buildConfigurationList = DBD7EE2919C7A90800448935 /* Build configuration list for PBXNativeTarget "Hide Keyboard" */;
			buildPhases = (
				DBD7EDF319C7A90700448935 /* Sources */,
				DBD7EDF419C7A90700448935 /* Frameworks */,
				DBD7EDF519C7A90700448935 /* Resources */,
			);
			buildRules = (
			);
			dependencies = (
			);
			name = "Hide Keyboard";
			productName = "Hide Keyboard";
			productReference = DBD7EDF719C7A90700448935 /* Hide Keyboard.app */;
			productType = "com.apple.product-type.application";
		};
		DBD7EE1719C7A90800448935 /* Hide KeyboardTests */ = {
			isa = PBXNativeTarget;
			buildConfigurationList = DBD7EE2C19C7A90800448935 /* Build configuration list for PBXNativeTarget "Hide KeyboardTests" */;
			buildPhases = (
				DBD7EE1419C7A90800448935 /* Sources */,
				DBD7EE1519C7A90800448935 /* Frameworks */,
				DBD7EE1619C7A90800448935 /* Resources */,
			);
			buildRules = (
			);
			dependencies = (
				DBD7EE1E19C7A90800448935 /* PBXTargetDependency */,
			);
			name = "Hide KeyboardTests";
			productName = "Hide KeyboardTests";
			productReference = DBD7EE1819C7A90800448935 /* Hide KeyboardTests.xctest */;
			productType = "com.apple.product-type.bundle.unit-test";
		};
/* End PBXNativeTarget section */

/* Begin PBXProject section */
		DBD7EDEF19C7A90700448935 /* Project object */ = {
			isa = PBXProject;
			attributes = {
				CLASSPREFIX = "Hide Keyboard";
				LastUpgradeCheck = 0510;
				ORGANIZATIONNAME = "Levi Orsinger";
				TargetAttributes = {
					DBD7EE1719C7A90800448935 = {
						TestTargetID = DBD7EDF619C7A90700448935;
					};
				};
			};
			buildConfigurationList = DBD7EDF219C7A90700448935 /* Build configuration list for PBXProject "Hide Keyboard" */;
			compatibilityVersion = "Xcode 3.2";
			developmentRegion = English;
			hasScannedForEncodings = 0;
			knownRegions = (
				en,
				Base,
			);
			mainGroup = DBD7EDEE19C7A90700448935;
			productRefGroup = DBD7EDF819C7A90700448935 /* Products */;
			projectDirPath = "";
			projectRoot = "";
			targets = (
				DBD7EDF619C7A90700448935 /* Hide Keyboard */,
				DBD7EE1719C7A90800448935 /* Hide KeyboardTests */,
			);
		};
/* End PBXProject section */

/* Begin PBXResourcesBuildPhase section */
		DBD7EDF519C7A90700448935 /* Resources */ = {
			isa = PBXResourcesBuildPhase;
			buildActionMask = 2147483647;
			files = (
				DBD7EE1319C7A90700448935 /* Images.xcassets in Resources */,
				DBD7EE0519C7A90700448935 /* InfoPlist.strings in Resources */,
				DBD7EE0E19C7A90700448935 /* Main.storyboard in Resources */,
			);
			runOnlyForDeploymentPostprocessing = 0;
		};
		DBD7EE1619C7A90800448935 /* Resources */ = {
			isa = PBXResourcesBuildPhase;
			buildActionMask = 2147483647;
			files = (
				DBD7EE2419C7A90800448935 /* InfoPlist.strings in Resources */,
			);
			runOnlyForDeploymentPostprocessing = 0;
		};
/* End PBXResourcesBuildPhase section */

/* Begin PBXSourcesBuildPhase section */
		DBD7EDF319C7A90700448935 /* Sources */ = {
			isa = PBXSourcesBuildPhase;
			buildActionMask = 2147483647;
			files = (
				DBD7EE1119C7A90700448935 /* Hide_KeyboardViewController.m in Sources */,
				DBD7EE0719C7A90700448935 /* main.m in Sources */,
				DBD7EE0B19C7A90700448935 /* Hide_KeyboardAppDelegate.m in Sources */,
			);
			runOnlyForDeploymentPostprocessing = 0;
		};
		DBD7EE1419C7A90800448935 /* Sources */ = {
			isa = PBXSourcesBuildPhase;
			buildActionMask = 2147483647;
			files = (
				DBD7EE2619C7A90800448935 /* Hide_KeyboardTests.m in Sources */,
			);
			runOnlyForDeploymentPostprocessing = 0;
		};
/* End PBXSourcesBuildPhase section */

/* Begin PBXTargetDependency section */
		DBD7EE1E19C7A90800448935 /* PBXTargetDependency */ = {
			isa = PBXTargetDependency;
			target = DBD7EDF619C7A90700448935 /* Hide Keyboard */;
			targetProxy = DBD7EE1D19C7A90800448935 /* PBXContainerItemProxy */;
		};
/* End PBXTargetDependency section */

/* Begin PBXVariantGroup section */
		DBD7EE0319C7A90700448935 /* InfoPlist.strings */ = {
			isa = PBXVariantGroup;
			children = (
				DBD7EE0419C7A90700448935 /* en */,
			);
			name = InfoPlist.strings;
			sourceTree = "<group>";
		};
		DBD7EE0C19C7A90700448935 /* Main.storyboard */ = {
			isa = PBXVariantGroup;
			children = (
				DBD7EE0D19C7A90700448935 /* Base */,
			);
			name = Main.storyboard;
			sourceTree = "<group>";
		};
		DBD7EE2219C7A90800448935 /* InfoPlist.strings */ = {
			isa = PBXVariantGroup;
			children = (
				DBD7EE2319C7A90800448935 /* en */,
			);
			name = InfoPlist.strings;
			sourceTree = "<group>";
		};
/* End PBXVariantGroup section */

/* Begin XCBuildConfiguration section */
		DBD7EE2719C7A90800448935 /* Debug */ = {
			isa = XCBuildConfiguration;
			buildSettings = {
				ALWAYS_SEARCH_USER_PATHS = NO;
				CLANG_CXX_LANGUAGE_STANDARD = "gnu++0x";
				CLANG_CXX_LIBRARY = "libc++";
				CLANG_ENABLE_MODULES = YES;
				CLANG_ENABLE_OBJC_ARC = YES;
				CLANG_WARN_BOOL_CONVERSION = YES;
				CLANG_WARN_CONSTANT_CONVERSION = YES;
				CLANG_WARN_DIRECT_OBJC_ISA_USAGE = YES_ERROR;
				CLANG_WARN_EMPTY_BODY = YES;
				CLANG_WARN_ENUM_CONVERSION = YES;
				CLANG_WARN_INT_CONVERSION = YES;
				CLANG_WARN_OBJC_ROOT_CLASS = YES_ERROR;
				CLANG_WARN__DUPLICATE_METHOD_MATCH = YES;
				"CODE_SIGN_IDENTITY[sdk=iphoneos*]" = "iPhone Developer";
				COPY_PHASE_STRIP = NO;
				GCC_C_LANGUAGE_STANDARD = gnu99;
				GCC_DYNAMIC_NO_PIC = NO;
				GCC_OPTIMIZATION_LEVEL = 0;
				GCC_PREPROCESSOR_DEFINITIONS = (
					"DEBUG=1",
					"$(inherited)",
				);
				GCC_SYMBOLS_PRIVATE_EXTERN = NO;
				GCC_WARN_64_TO_32_BIT_CONVERSION = YES;
				GCC_WARN_ABOUT_RETURN_TYPE = YES_ERROR;
				GCC_WARN_UNDECLARED_SELECTOR = YES;
				GCC_WARN_UNINITIALIZED_AUTOS = YES_AGGRESSIVE;
				GCC_WARN_UNUSED_FUNCTION = YES;
				GCC_WARN_UNUSED_VARIABLE = YES;
				IPHONEOS_DEPLOYMENT_TARGET = 7.1;
				ONLY_ACTIVE_ARCH = YES;
				SDKROOT = iphoneos;
			};
			name = Debug;
		};
		DBD7EE2819C7A90800448935 /* Release */ = {
			isa = XCBuildConfiguration;
			buildSettings = {
				ALWAYS_SEARCH_USER_PATHS = NO;
				CLANG_CXX_LANGUAGE_STANDARD = "gnu++0x";
				CLANG_CXX_LIBRARY = "libc++";
				CLANG_ENABLE_MODULES = YES;
				CLANG_ENABLE_OBJC_ARC = YES;
				CLANG_WARN_BOOL_CONVERSION = YES;
				CLANG_WARN_CONSTANT_CONVERSION = YES;
				CLANG_WARN_DIRECT_OBJC_ISA_USAGE = YES_ERROR;
				CLANG_WARN_EMPTY_BODY = YES;
				CLANG_WARN_ENUM_CONVERSION = YES;
				CLANG_WARN_INT_CONVERSION = YES;
				CLANG_WARN_OBJC_ROOT_CLASS = YES_ERROR;
				CLANG_WARN__DUPLICATE_METHOD_MATCH = YES;
				"CODE_SIGN_IDENTITY[sdk=iphoneos*]" = "iPhone Developer";
				COPY_PHASE_STRIP = YES;
				ENABLE_NS_ASSERTIONS = NO;
				GCC_C_LANGUAGE_STANDARD = gnu99;
				GCC_WARN_64_TO_32_BIT_CONVERSION = YES;
				GCC_WARN_ABOUT_RETURN_TYPE = YES_ERROR;
				GCC_WARN_UNDECLARED_SELECTOR = YES;
				GCC_WARN_UNINITIALIZED_AUTOS = YES_AGGRESSIVE;
				GCC_WARN_UNUSED_FUNCTION = YES;
				GCC_WARN_UNUSED_VARIABLE = YES;
				IPHONEOS_DEPLOYMENT_TARGET = 7.1;
				SDKROOT = iphoneos;
				VALIDATE_PRODUCT = YES;
			};
			name = Release;
		};
		DBD7EE2A19C7A90800448935 /* Debug */ = {
			isa = XCBuildConfiguration;
			buildSettings = {
				ASSETCATALOG_COMPILER_APPICON_NAME = AppIcon;
				ASSETCATALOG_COMPILER_LAUNCHIMAGE_NAME = LaunchImage;
				GCC_PRECOMPILE_PREFIX_HEADER = YES;
				GCC_PREFIX_HEADER = "Hide Keyboard/Hide Keyboard-Prefix.pch";
				INFOPLIST_FILE = "Hide Keyboard/Hide Keyboard-Info.plist";
				PRODUCT_NAME = "$(TARGET_NAME)";
				WRAPPER_EXTENSION = app;
			};
			name = Debug;
		};
		DBD7EE2B19C7A90800448935 /* Release */ = {
			isa = XCBuildConfiguration;
			buildSettings = {
				ASSETCATALOG_COMPILER_APPICON_NAME = AppIcon;
				ASSETCATALOG_COMPILER_LAUNCHIMAGE_NAME = LaunchImage;
				GCC_PRECOMPILE_PREFIX_HEADER = YES;
				GCC_PREFIX_HEADER = "Hide Keyboard/Hide Keyboard-Prefix.pch";
				INFOPLIST_FILE = "Hide Keyboard/Hide Keyboard-Info.plist";
				PRODUCT_NAME = "$(TARGET_NAME)";
				WRAPPER_EXTENSION = app;
			};
			name = Release;
		};
		DBD7EE2D19C7A90800448935 /* Debug */ = {
			isa = XCBuildConfiguration;
			buildSettings = {
				BUNDLE_LOADER = "$(BUILT_PRODUCTS_DIR)/Hide Keyboard.app/Hide Keyboard";
				FRAMEWORK_SEARCH_PATHS = (
					"$(SDKROOT)/Developer/Library/Frameworks",
					"$(inherited)",
					"$(DEVELOPER_FRAMEWORKS_DIR)",
				);
				GCC_PRECOMPILE_PREFIX_HEADER = YES;
				GCC_PREFIX_HEADER = "Hide Keyboard/Hide Keyboard-Prefix.pch";
				GCC_PREPROCESSOR_DEFINITIONS = (
					"DEBUG=1",
					"$(inherited)",
				);
				INFOPLIST_FILE = "Hide KeyboardTests/Hide KeyboardTests-Info.plist";
				PRODUCT_NAME = "$(TARGET_NAME)";
				TEST_HOST = "$(BUNDLE_LOADER)";
				WRAPPER_EXTENSION = xctest;
			};
			name = Debug;
		};
		DBD7EE2E19C7A90800448935 /* Release */ = {
			isa = XCBuildConfiguration;
			buildSettings = {
				BUNDLE_LOADER = "$(BUILT_PRODUCTS_DIR)/Hide Keyboard.app/Hide Keyboard";
				FRAMEWORK_SEARCH_PATHS = (
					"$(SDKROOT)/Developer/Library/Frameworks",
					"$(inherited)",
					"$(DEVELOPER_FRAMEWORKS_DIR)",
				);
				GCC_PRECOMPILE_PREFIX_HEADER = YES;
				GCC_PREFIX_HEADER = "Hide Keyboard/Hide Keyboard-Prefix.pch";
				INFOPLIST_FILE = "Hide KeyboardTests/Hide KeyboardTests-Info.plist";
				PRODUCT_NAME = "$(TARGET_NAME)";
				TEST_HOST = "$(BUNDLE_LOADER)";
				WRAPPER_EXTENSION = xctest;
			};
			name = Release;
		};
/* End XCBuildConfiguration section */

/* Begin XCConfigurationList section */
		DBD7EDF219C7A90700448935 /* Build configuration list for PBXProject "Hide Keyboard" */ = {
			isa = XCConfigurationList;
			buildConfigurations = (
				DBD7EE2719C7A90800448935 /* Debug */,
				DBD7EE2819C7A90800448935 /* Release */,
			);
			defaultConfigurationIsVisible = 0;
			defaultConfigurationName = Release;
		};
		DBD7EE2919C7A90800448935 /* Build configuration list for PBXNativeTarget "Hide Keyboard" */ = {
			isa = XCConfigurationList;
			buildConfigurations = (
				DBD7EE2A19C7A90800448935 /* Debug */,
				DBD7EE2B19C7A90800448935 /* Release */,
			);
			defaultConfigurationIsVisible = 0;
		};
		DBD7EE2C19C7A90800448935 /* Build configuration list for PBXNativeTarget "Hide KeyboardTests" */ = {
			isa = XCConfigurationList;
			buildConfigurations = (
				DBD7EE2D19C7A90800448935 /* Debug */,
				DBD7EE2E19C7A90800448935 /* Release */,
			);
			defaultConfigurationIsVisible = 0;
		};
/* End XCConfigurationList section */
	};
	rootObject = DBD7EDEF19C7A90700448935 /* Project object */;
}
